// !$*UTF8*$!
{
	archiveVersion = 1;
	classes = {
	};
	objectVersion = 46;
	objects = {

/* Begin PBXBuildFile section */
		2E3CEB641DBDAB1E002B653F /* main.m in Sources */ = {isa = PBXBuildFile; fileRef = 2E3CEB631DBDAB1E002B653F /* main.m */; };
		2E3CEB671DBDAB1E002B653F /* AppDelegate.m in Sources */ = {isa = PBXBuildFile; fileRef = 2E3CEB661DBDAB1E002B653F /* AppDelegate.m */; };
		2E3CEB6A1DBDAB1E002B653F /* ViewController.m in Sources */ = {isa = PBXBuildFile; fileRef = 2E3CEB691DBDAB1E002B653F /* ViewController.m */; };
		2E3CEB6D1DBDAB1E002B653F /* Main.storyboard in Resources */ = {isa = PBXBuildFile; fileRef = 2E3CEB6B1DBDAB1E002B653F /* Main.storyboard */; };
		2E3CEB6F1DBDAB1E002B653F /* Assets.xcassets in Resources */ = {isa = PBXBuildFile; fileRef = 2E3CEB6E1DBDAB1E002B653F /* Assets.xcassets */; };
		2E3CEB721DBDAB1E002B653F /* LaunchScreen.storyboard in Resources */ = {isa = PBXBuildFile; fileRef = 2E3CEB701DBDAB1E002B653F /* LaunchScreen.storyboard */; };
		2E3CEB7B1DBDAB96002B653F /* SQLiteManager.m in Sources */ = {isa = PBXBuildFile; fileRef = 2E3CEB7A1DBDAB96002B653F /* SQLiteManager.m */; };
		2E3CEB7E1DBDAF0C002B653F /* libsqlite3.tbd in Frameworks */ = {isa = PBXBuildFile; fileRef = 2E3CEB7D1DBDAF0C002B653F /* libsqlite3.tbd */; };
		2E3CEB811DBDBCD7002B653F /* User.m in Sources */ = {isa = PBXBuildFile; fileRef = 2E3CEB801DBDBCD7002B653F /* User.m */; };
/* End PBXBuildFile section */

/* Begin PBXFileReference section */
		2E3CEB5F1DBDAB1E002B653F /* SQLite数据库操作-0C.app */ = {isa = PBXFileReference; explicitFileType = wrapper.application; includeInIndex = 0; path = "SQLite数据库操作-0C.app"; sourceTree = BUILT_PRODUCTS_DIR; };
		2E3CEB631DBDAB1E002B653F /* main.m */ = {isa = PBXFileReference; lastKnownFileType = sourcecode.c.objc; path = main.m; sourceTree = "<group>"; };
		2E3CEB651DBDAB1E002B653F /* AppDelegate.h */ = {isa = PBXFileReference; lastKnownFileType = sourcecode.c.h; path = AppDelegate.h; sourceTree = "<group>"; };
		2E3CEB661DBDAB1E002B653F /* AppDelegate.m */ = {isa = PBXFileReference; lastKnownFileType = sourcecode.c.objc; path = AppDelegate.m; sourceTree = "<group>"; };
		2E3CEB681DBDAB1E002B653F /* ViewController.h */ = {isa = PBXFileReference; lastKnownFileType = sourcecode.c.h; path = ViewController.h; sourceTree = "<group>"; };
		2E3CEB691DBDAB1E002B653F /* ViewController.m */ = {isa = PBXFileReference; lastKnownFileType = sourcecode.c.objc; path = ViewController.m; sourceTree = "<group>"; };
		2E3CEB6C1DBDAB1E002B653F /* Base */ = {isa = PBXFileReference; lastKnownFileType = file.storyboard; name = Base; path = Base.lproj/Main.storyboard; sourceTree = "<group>"; };
		2E3CEB6E1DBDAB1E002B653F /* Assets.xcassets */ = {isa = PBXFileReference; lastKnownFileType = folder.assetcatalog; path = Assets.xcassets; sourceTree = "<group>"; };
		2E3CEB711DBDAB1E002B653F /* Base */ = {isa = PBXFileReference; lastKnownFileType = file.storyboard; name = Base; path = Base.lproj/LaunchScreen.storyboard; sourceTree = "<group>"; };
		2E3CEB731DBDAB1E002B653F /* Info.plist */ = {isa = PBXFileReference; lastKnownFileType = text.plist.xml; path = Info.plist; sourceTree = "<group>"; };
		2E3CEB791DBDAB96002B653F /* SQLiteManager.h */ = {isa = PBXFileReference; fileEncoding = 4; lastKnownFileType = sourcecode.c.h; path = SQLiteManager.h; sourceTree = "<group>"; };
		2E3CEB7A1DBDAB96002B653F /* SQLiteManager.m */ = {isa = PBXFileReference; fileEncoding = 4; lastKnownFileType = sourcecode.c.objc; path = SQLiteManager.m; sourceTree = "<group>"; };
		2E3CEB7D1DBDAF0C002B653F /* libsqlite3.tbd */ = {isa = PBXFileReference; lastKnownFileType = "sourcecode.text-based-dylib-definition"; name = libsqlite3.tbd; path = usr/lib/libsqlite3.tbd; sourceTree = SDKROOT; };
		2E3CEB7F1DBDBCD7002B653F /* User.h */ = {isa = PBXFileReference; fileEncoding = 4; lastKnownFileType = sourcecode.c.h; path = User.h; sourceTree = "<group>"; };
		2E3CEB801DBDBCD7002B653F /* User.m */ = {isa = PBXFileReference; fileEncoding = 4; lastKnownFileType = sourcecode.c.objc; path = User.m; sourceTree = "<group>"; };
/* End PBXFileReference section */

/* Begin PBXFrameworksBuildPhase section */
		2E3CEB5C1DBDAB1E002B653F /* Frameworks */ = {
			isa = PBXFrameworksBuildPhase;
			buildActionMask = 2147483647;
			files = (
				2E3CEB7E1DBDAF0C002B653F /* libsqlite3.tbd in Frameworks */,
			);
			runOnlyForDeploymentPostprocessing = 0;
		};
/* End PBXFrameworksBuildPhase section */

/* Begin PBXGroup section */
		2E3CEB561DBDAB1E002B653F = {
			isa = PBXGroup;
			children = (
				2E3CEB611DBDAB1E002B653F /* SQLite数据库操作-0C */,
				2E3CEB601DBDAB1E002B653F /* Products */,
				2E3CEB7C1DBDAF0C002B653F /* Frameworks */,
			);
			sourceTree = "<group>";
		};
		2E3CEB601DBDAB1E002B653F /* Products */ = {
			isa = PBXGroup;
			children = (
				2E3CEB5F1DBDAB1E002B653F /* SQLite数据库操作-0C.app */,
			);
			name = Products;
			sourceTree = "<group>";
		};
		2E3CEB611DBDAB1E002B653F /* SQLite数据库操作-0C */ = {
			isa = PBXGroup;
			children = (
				2E3CEB651DBDAB1E002B653F /* AppDelegate.h */,
				2E3CEB661DBDAB1E002B653F /* AppDelegate.m */,
				2E3CEB681DBDAB1E002B653F /* ViewController.h */,
				2E3CEB691DBDAB1E002B653F /* ViewController.m */,
				2E3CEB6B1DBDAB1E002B653F /* Main.storyboard */,
				2E3CEB6E1DBDAB1E002B653F /* Assets.xcassets */,
				2E3CEB701DBDAB1E002B653F /* LaunchScreen.storyboard */,
				2E3CEB731DBDAB1E002B653F /* Info.plist */,
				2E3CEB621DBDAB1E002B653F /* Supporting Files */,
				2E3CEB791DBDAB96002B653F /* SQLiteManager.h */,
				2E3CEB7A1DBDAB96002B653F /* SQLiteManager.m */,
				2E3CEB7F1DBDBCD7002B653F /* User.h */,
				2E3CEB801DBDBCD7002B653F /* User.m */,
			);
			path = "SQLite数据库操作-0C";
			sourceTree = "<group>";
		};
		2E3CEB621DBDAB1E002B653F /* Supporting Files */ = {
			isa = PBXGroup;
			children = (
				2E3CEB631DBDAB1E002B653F /* main.m */,
			);
			name = "Supporting Files";
			sourceTree = "<group>";
		};
		2E3CEB7C1DBDAF0C002B653F /* Frameworks */ = {
			isa = PBXGroup;
			children = (
				2E3CEB7D1DBDAF0C002B653F /* libsqlite3.tbd */,
			);
			name = Frameworks;
			sourceTree = "<group>";
		};
/* End PBXGroup section */

/* Begin PBXNativeTarget section */
		2E3CEB5E1DBDAB1E002B653F /* SQLite数据库操作-0C */ = {
			isa = PBXNativeTarget;
			buildConfigurationList = 2E3CEB761DBDAB1E002B653F /* Build configuration list for PBXNativeTarget "SQLite数据库操作-0C" */;
			buildPhases = (
				2E3CEB5B1DBDAB1E002B653F /* Sources */,
				2E3CEB5C1DBDAB1E002B653F /* Frameworks */,
				2E3CEB5D1DBDAB1E002B653F /* Resources */,
			);
			buildRules = (
			);
			dependencies = (
			);
			name = "SQLite数据库操作-0C";
			productName = "SQLite数据库操作-0C";
			productReference = 2E3CEB5F1DBDAB1E002B653F /* SQLite数据库操作-0C.app */;
			productType = "com.apple.product-type.application";
		};
/* End PBXNativeTarget section */

/* Begin PBXProject section */
		2E3CEB571DBDAB1E002B653F /* Project object */ = {
			isa = PBXProject;
			attributes = {
				LastUpgradeCheck = 0800;
				ORGANIZATIONNAME = "邱学伟";
				TargetAttributes = {
					2E3CEB5E1DBDAB1E002B653F = {
						CreatedOnToolsVersion = 8.0;
						DevelopmentTeam = R7W8G4ZH75;
						ProvisioningStyle = Automatic;
					};
				};
			};
			buildConfigurationList = 2E3CEB5A1DBDAB1E002B653F /* Build configuration list for PBXProject "SQLite数据库操作-0C" */;
			compatibilityVersion = "Xcode 3.2";
			developmentRegion = English;
			hasScannedForEncodings = 0;
			knownRegions = (
				en,
				Base,
			);
			mainGroup = 2E3CEB561DBDAB1E002B653F;
			productRefGroup = 2E3CEB601DBDAB1E002B653F /* Products */;
			projectDirPath = "";
			projectRoot = "";
			targets = (
				2E3CEB5E1DBDAB1E002B653F /* SQLite数据库操作-0C */,
			);
		};
/* End PBXProject section */

/* Begin PBXResourcesBuildPhase section */
		2E3CEB5D1DBDAB1E002B653F /* Resources */ = {
			isa = PBXResourcesBuildPhase;
			buildActionMask = 2147483647;
			files = (
				2E3CEB721DBDAB1E002B653F /* LaunchScreen.storyboard in Resources */,
				2E3CEB6F1DBDAB1E002B653F /* Assets.xcassets in Resources */,
				2E3CEB6D1DBDAB1E002B653F /* Main.storyboard in Resources */,
			);
			runOnlyForDeploymentPostprocessing = 0;
		};
/* End PBXResourcesBuildPhase section */

/* Begin PBXSourcesBuildPhase section */
		2E3CEB5B1DBDAB1E002B653F /* Sources */ = {
			isa = PBXSourcesBuildPhase;
			buildActionMask = 2147483647;
			files = (
				2E3CEB811DBDBCD7002B653F /* User.m in Sources */,
				2E3CEB6A1DBDAB1E002B653F /* ViewController.m in Sources */,
				2E3CEB671DBDAB1E002B653F /* AppDelegate.m in Sources */,
				2E3CEB641DBDAB1E002B653F /* main.m in Sources */,
				2E3CEB7B1DBDAB96002B653F /* SQLiteManager.m in Sources */,
			);
			runOnlyForDeploymentPostprocessing = 0;
		};
/* End PBXSourcesBuildPhase section */

/* Begin PBXVariantGroup section */
		2E3CEB6B1DBDAB1E002B653F /* Main.storyboard */ = {
			isa = PBXVariantGroup;
			children = (
				2E3CEB6C1DBDAB1E002B653F /* Base */,
			);
			name = Main.storyboard;
			sourceTree = "<group>";
		};
		2E3CEB701DBDAB1E002B653F /* LaunchScreen.storyboard */ = {
			isa = PBXVariantGroup;
			children = (
				2E3CEB711DBDAB1E002B653F /* Base */,
			);
			name = LaunchScreen.storyboard;
			sourceTree = "<group>";
		};
/* End PBXVariantGroup section */

/* Begin XCBuildConfiguration section */
		2E3CEB741DBDAB1E002B653F /* Debug */ = {
			isa = XCBuildConfiguration;
			buildSettings = {
				ALWAYS_SEARCH_USER_PATHS = NO;
				CLANG_ANALYZER_NONNULL = YES;
				CLANG_CXX_LANGUAGE_STANDARD = "gnu++0x";
				CLANG_CXX_LIBRARY = "libc++";
				CLANG_ENABLE_MODULES = YES;
				CLANG_ENABLE_OBJC_ARC = YES;
				CLANG_WARN_BOOL_CONVERSION = YES;
				CLANG_WARN_CONSTANT_CONVERSION = YES;
				CLANG_WARN_DIRECT_OBJC_ISA_USAGE = YES_ERROR;
				CLANG_WARN_DOCUMENTATION_COMMENTS = YES;
				CLANG_WARN_EMPTY_BODY = YES;
				CLANG_WARN_ENUM_CONVERSION = YES;
				CLANG_WARN_INFINITE_RECURSION = YES;
				CLANG_WARN_INT_CONVERSION = YES;
				CLANG_WARN_OBJC_ROOT_CLASS = YES_ERROR;
				CLANG_WARN_SUSPICIOUS_MOVES = YES;
				CLANG_WARN_UNREACHABLE_CODE = YES;
				CLANG_WARN__DUPLICATE_METHOD_MATCH = YES;
				"CODE_SIGN_IDENTITY[sdk=iphoneos*]" = "iPhone Developer";
				COPY_PHASE_STRIP = NO;
				DEBUG_INFORMATION_FORMAT = dwarf;
				ENABLE_STRICT_OBJC_MSGSEND = YES;
				ENABLE_TESTABILITY = YES;
				GCC_C_LANGUAGE_STANDARD = gnu99;
				GCC_DYNAMIC_NO_PIC = NO;
				GCC_NO_COMMON_BLOCKS = YES;
				GCC_OPTIMIZATION_LEVEL = 0;
				GCC_PREPROCESSOR_DEFINITIONS = (
					"DEBUG=1",
					"$(inherited)",
				);
				GCC_WARN_64_TO_32_BIT_CONVERSION = YES;
				GCC_WARN_ABOUT_RETURN_TYPE = YES_ERROR;
				GCC_WARN_UNDECLARED_SELECTOR = YES;
				GCC_WARN_UNINITIALIZED_AUTOS = YES_AGGRESSIVE;
				GCC_WARN_UNUSED_FUNCTION = YES;
				GCC_WARN_UNUSED_VARIABLE = YES;
				IPHONEOS_DEPLOYMENT_TARGET = 10.0;
				MTL_ENABLE_DEBUG_INFO = YES;
				ONLY_ACTIVE_ARCH = YES;
				SDKROOT = iphoneos;
				TARGETED_DEVICE_FAMILY = "1,2";
			};
			name = Debug;
		};
		2E3CEB751DBDAB1E002B653F /* Release */ = {
			isa = XCBuildConfiguration;
			buildSettings = {
				ALWAYS_SEARCH_USER_PATHS = NO;
				CLANG_ANALYZER_NONNULL = YES;
				CLANG_CXX_LANGUAGE_STANDARD = "gnu++0x";
				CLANG_CXX_LIBRARY = "libc++";
				CLANG_ENABLE_MODULES = YES;
				CLANG_ENABLE_OBJC_ARC = YES;
				CLANG_WARN_BOOL_CONVERSION = YES;
				CLANG_WARN_CONSTANT_CONVERSION = YES;
				CLANG_WARN_DIRECT_OBJC_ISA_USAGE = YES_ERROR;
				CLANG_WARN_DOCUMENTATION_COMMENTS = YES;
				CLANG_WARN_EMPTY_BODY = YES;
				CLANG_WARN_ENUM_CONVERSION = YES;
				CLANG_WARN_INFINITE_RECURSION = YES;
				CLANG_WARN_INT_CONVERSION = YES;
				CLANG_WARN_OBJC_ROOT_CLASS = YES_ERROR;
				CLANG_WARN_SUSPICIOUS_MOVES = YES;
				CLANG_WARN_UNREACHABLE_CODE = YES;
				CLANG_WARN__DUPLICATE_METHOD_MATCH = YES;
				"CODE_SIGN_IDENTITY[sdk=iphoneos*]" = "iPhone Developer";
				COPY_PHASE_STRIP = NO;
				DEBUG_INFORMATION_FORMAT = "dwarf-with-dsym";
				ENABLE_NS_ASSERTIONS = NO;
				ENABLE_STRICT_OBJC_MSGSEND = YES;
				GCC_C_LANGUAGE_STANDARD = gnu99;
				GCC_NO_COMMON_BLOCKS = YES;
				GCC_WARN_64_TO_32_BIT_CONVERSION = YES;
				GCC_WARN_ABOUT_RETURN_TYPE = YES_ERROR;
				GCC_WARN_UNDECLARED_SELECTOR = YES;
				GCC_WARN_UNINITIALIZED_AUTOS = YES_AGGRESSIVE;
				GCC_WARN_UNUSED_FUNCTION = YES;
				GCC_WARN_UNUSED_VARIABLE = YES;
				IPHONEOS_DEPLOYMENT_TARGET = 10.0;
				MTL_ENABLE_DEBUG_INFO = NO;
				SDKROOT = iphoneos;
				TARGETED_DEVICE_FAMILY = "1,2";
				VALIDATE_PRODUCT = YES;
			};
			name = Release;
		};
		2E3CEB771DBDAB1E002B653F /* Debug */ = {
			isa = XCBuildConfiguration;
			buildSettings = {
				ASSETCATALOG_COMPILER_APPICON_NAME = AppIcon;
				DEVELOPMENT_TEAM = R7W8G4ZH75;
				INFOPLIST_FILE = "SQLite数据库操作-0C/Info.plist";
				LD_RUNPATH_SEARCH_PATHS = "$(inherited) @executable_path/Frameworks";
				PRODUCT_BUNDLE_IDENTIFIER = "com.qiuxuewei.SQLite------0C";
				PRODUCT_NAME = "$(TARGET_NAME)";
			};
			name = Debug;
		};
		2E3CEB781DBDAB1E002B653F /* Release */ = {
			isa = XCBuildConfiguration;
			buildSettings = {
				ASSETCATALOG_COMPILER_APPICON_NAME = AppIcon;
				DEVELOPMENT_TEAM = R7W8G4ZH75;
				INFOPLIST_FILE = "SQLite数据库操作-0C/Info.plist";
				LD_RUNPATH_SEARCH_PATHS = "$(inherited) @executable_path/Frameworks";
				PRODUCT_BUNDLE_IDENTIFIER = "com.qiuxuewei.SQLite------0C";
				PRODUCT_NAME = "$(TARGET_NAME)";
			};
			name = Release;
		};
/* End XCBuildConfiguration section */

/* Begin XCConfigurationList section */
		2E3CEB5A1DBDAB1E002B653F /* Build configuration list for PBXProject "SQLite数据库操作-0C" */ = {
			isa = XCConfigurationList;
			buildConfigurations = (
				2E3CEB741DBDAB1E002B653F /* Debug */,
				2E3CEB751DBDAB1E002B653F /* Release */,
			);
			defaultConfigurationIsVisible = 0;
			defaultConfigurationName = Release;
		};
		2E3CEB761DBDAB1E002B653F /* Build configuration list for PBXNativeTarget "SQLite数据库操作-0C" */ = {
			isa = XCConfigurationList;
			buildConfigurations = (
				2E3CEB771DBDAB1E002B653F /* Debug */,
				2E3CEB781DBDAB1E002B653F /* Release */,
			);
			defaultConfigurationIsVisible = 0;
		};
/* End XCConfigurationList section */
	};
	rootObject = 2E3CEB571DBDAB1E002B653F /* Project object */;
}
